// !$*UTF8*$!
{
	archiveVersion = 1;
	classes = {
	};
	objectVersion = 46;
	objects = {

/* Begin PBXBuildFile section */
		A02222911DFA846300C99C27 /* LottoFinderTests.swift in Sources */ = {isa = PBXBuildFile; fileRef = A02222901DFA846300C99C27 /* LottoFinderTests.swift */; };
		A02222981DFA86A300C99C27 /* ViewController.swift in Sources */ = {isa = PBXBuildFile; fileRef = A07900D91DF8D21E001A3238 /* ViewController.swift */; };
		A05F67701DFAB6F9004E6359 /* Brain.swift in Sources */ = {isa = PBXBuildFile; fileRef = A05F676F1DFAB6F9004E6359 /* Brain.swift */; };
		A07900D81DF8D21E001A3238 /* AppDelegate.swift in Sources */ = {isa = PBXBuildFile; fileRef = A07900D71DF8D21E001A3238 /* AppDelegate.swift */; };
		A07900DA1DF8D21E001A3238 /* ViewController.swift in Sources */ = {isa = PBXBuildFile; fileRef = A07900D91DF8D21E001A3238 /* ViewController.swift */; };
		A07900DD1DF8D21E001A3238 /* Main.storyboard in Resources */ = {isa = PBXBuildFile; fileRef = A07900DB1DF8D21E001A3238 /* Main.storyboard */; };
		A07900DF1DF8D21E001A3238 /* Assets.xcassets in Resources */ = {isa = PBXBuildFile; fileRef = A07900DE1DF8D21E001A3238 /* Assets.xcassets */; };
		A07900E21DF8D21E001A3238 /* LaunchScreen.storyboard in Resources */ = {isa = PBXBuildFile; fileRef = A07900E01DF8D21E001A3238 /* LaunchScreen.storyboard */; };
/* End PBXBuildFile section */

/* Begin PBXContainerItemProxy section */
		A02222931DFA846300C99C27 /* PBXContainerItemProxy */ = {
			isa = PBXContainerItemProxy;
			containerPortal = A07900CC1DF8D21E001A3238 /* Project object */;
			proxyType = 1;
			remoteGlobalIDString = A07900D31DF8D21E001A3238;
			remoteInfo = LottoFinder;
		};
/* End PBXContainerItemProxy section */

/* Begin PBXFileReference section */
		A022228E1DFA846200C99C27 /* LottoFinderTests.xctest */ = {isa = PBXFileReference; explicitFileType = wrapper.cfbundle; includeInIndex = 0; path = LottoFinderTests.xctest; sourceTree = BUILT_PRODUCTS_DIR; };
		A02222901DFA846300C99C27 /* LottoFinderTests.swift */ = {isa = PBXFileReference; lastKnownFileType = sourcecode.swift; path = LottoFinderTests.swift; sourceTree = "<group>"; };
		A02222921DFA846300C99C27 /* Info.plist */ = {isa = PBXFileReference; lastKnownFileType = text.plist.xml; path = Info.plist; sourceTree = "<group>"; };
		A05F676F1DFAB6F9004E6359 /* Brain.swift */ = {isa = PBXFileReference; fileEncoding = 4; lastKnownFileType = sourcecode.swift; path = Brain.swift; sourceTree = "<group>"; };
		A07900D41DF8D21E001A3238 /* LottoFinder.app */ = {isa = PBXFileReference; explicitFileType = wrapper.application; includeInIndex = 0; path = LottoFinder.app; sourceTree = BUILT_PRODUCTS_DIR; };
		A07900D71DF8D21E001A3238 /* AppDelegate.swift */ = {isa = PBXFileReference; lastKnownFileType = sourcecode.swift; path = AppDelegate.swift; sourceTree = "<group>"; };
		A07900D91DF8D21E001A3238 /* ViewController.swift */ = {isa = PBXFileReference; lastKnownFileType = sourcecode.swift; path = ViewController.swift; sourceTree = "<group>"; };
		A07900DC1DF8D21E001A3238 /* Base */ = {isa = PBXFileReference; lastKnownFileType = file.storyboard; name = Base; path = Base.lproj/Main.storyboard; sourceTree = "<group>"; };
		A07900DE1DF8D21E001A3238 /* Assets.xcassets */ = {isa = PBXFileReference; lastKnownFileType = folder.assetcatalog; path = Assets.xcassets; sourceTree = "<group>"; };
		A07900E11DF8D21E001A3238 /* Base */ = {isa = PBXFileReference; lastKnownFileType = file.storyboard; name = Base; path = Base.lproj/LaunchScreen.storyboard; sourceTree = "<group>"; };
		A07900E31DF8D21E001A3238 /* Info.plist */ = {isa = PBXFileReference; lastKnownFileType = text.plist.xml; path = Info.plist; sourceTree = "<group>"; };
/* End PBXFileReference section */

/* Begin PBXFrameworksBuildPhase section */
		A022228B1DFA846200C99C27 /* Frameworks */ = {
			isa = PBXFrameworksBuildPhase;
			buildActionMask = 2147483647;
			files = (
			);
			runOnlyForDeploymentPostprocessing = 0;
		};
		A07900D11DF8D21E001A3238 /* Frameworks */ = {
			isa = PBXFrameworksBuildPhase;
			buildActionMask = 2147483647;
			files = (
			);
			runOnlyForDeploymentPostprocessing = 0;
		};
/* End PBXFrameworksBuildPhase section */

/* Begin PBXGroup section */
		A022228F1DFA846300C99C27 /* LottoFinderTests */ = {
			isa = PBXGroup;
			children = (
				A02222901DFA846300C99C27 /* LottoFinderTests.swift */,
				A02222921DFA846300C99C27 /* Info.plist */,
			);
			path = LottoFinderTests;
			sourceTree = "<group>";
		};
		A07900CB1DF8D21E001A3238 = {
			isa = PBXGroup;
			children = (
				A07900D61DF8D21E001A3238 /* LottoFinder */,
				A022228F1DFA846300C99C27 /* LottoFinderTests */,
				A07900D51DF8D21E001A3238 /* Products */,
			);
			sourceTree = "<group>";
		};
		A07900D51DF8D21E001A3238 /* Products */ = {
			isa = PBXGroup;
			children = (
				A07900D41DF8D21E001A3238 /* LottoFinder.app */,
				A022228E1DFA846200C99C27 /* LottoFinderTests.xctest */,
			);
			name = Products;
			sourceTree = "<group>";
		};
		A07900D61DF8D21E001A3238 /* LottoFinder */ = {
			isa = PBXGroup;
			children = (
				A07900D71DF8D21E001A3238 /* AppDelegate.swift */,
				A05F676F1DFAB6F9004E6359 /* Brain.swift */,
				A07900D91DF8D21E001A3238 /* ViewController.swift */,
				A07900DB1DF8D21E001A3238 /* Main.storyboard */,
				A07900DE1DF8D21E001A3238 /* Assets.xcassets */,
				A07900E01DF8D21E001A3238 /* LaunchScreen.storyboard */,
				A07900E31DF8D21E001A3238 /* Info.plist */,
			);
			path = LottoFinder;
			sourceTree = "<group>";
		};
/* End PBXGroup section */

/* Begin PBXNativeTarget section */
		A022228D1DFA846200C99C27 /* LottoFinderTests */ = {
			isa = PBXNativeTarget;
			buildConfigurationList = A02222951DFA846300C99C27 /* Build configuration list for PBXNativeTarget "LottoFinderTests" */;
			buildPhases = (
				A022228A1DFA846200C99C27 /* Sources */,
				A022228B1DFA846200C99C27 /* Frameworks */,
				A022228C1DFA846200C99C27 /* Resources */,
			);
			buildRules = (
			);
			dependencies = (
				A02222941DFA846300C99C27 /* PBXTargetDependency */,
			);
			name = LottoFinderTests;
			productName = LottoFinderTests;
			productReference = A022228E1DFA846200C99C27 /* LottoFinderTests.xctest */;
			productType = "com.apple.product-type.bundle.unit-test";
		};
		A07900D31DF8D21E001A3238 /* LottoFinder */ = {
			isa = PBXNativeTarget;
			buildConfigurationList = A07900E61DF8D21E001A3238 /* Build configuration list for PBXNativeTarget "LottoFinder" */;
			buildPhases = (
				A07900D01DF8D21E001A3238 /* Sources */,
				A07900D11DF8D21E001A3238 /* Frameworks */,
				A07900D21DF8D21E001A3238 /* Resources */,
			);
			buildRules = (
			);
			dependencies = (
			);
			name = LottoFinder;
			productName = LottoFinder;
			productReference = A07900D41DF8D21E001A3238 /* LottoFinder.app */;
			productType = "com.apple.product-type.application";
		};
/* End PBXNativeTarget section */

/* Begin PBXProject section */
		A07900CC1DF8D21E001A3238 /* Project object */ = {
			isa = PBXProject;
			attributes = {
				LastSwiftUpdateCheck = 0810;
				LastUpgradeCheck = 0810;
				ORGANIZATIONNAME = "Xinyi Zhuang";
				TargetAttributes = {
					A022228D1DFA846200C99C27 = {
						CreatedOnToolsVersion = 8.1;
						DevelopmentTeam = 5Z63N39FV7;
						ProvisioningStyle = Automatic;
						TestTargetID = A07900D31DF8D21E001A3238;
					};
					A07900D31DF8D21E001A3238 = {
						CreatedOnToolsVersion = 8.1;
						DevelopmentTeam = 5Z63N39FV7;
						ProvisioningStyle = Automatic;
					};
				};
			};
			buildConfigurationList = A07900CF1DF8D21E001A3238 /* Build configuration list for PBXProject "LottoFinder" */;
			compatibilityVersion = "Xcode 3.2";
			developmentRegion = English;
			hasScannedForEncodings = 0;
			knownRegions = (
				en,
				Base,
			);
			mainGroup = A07900CB1DF8D21E001A3238;
			productRefGroup = A07900D51DF8D21E001A3238 /* Products */;
			projectDirPath = "";
			projectRoot = "";
			targets = (
				A07900D31DF8D21E001A3238 /* LottoFinder */,
				A022228D1DFA846200C99C27 /* LottoFinderTests */,
			);
		};
/* End PBXProject section */

/* Begin PBXResourcesBuildPhase section */
		A022228C1DFA846200C99C27 /* Resources */ = {
			isa = PBXResourcesBuildPhase;
			buildActionMask = 2147483647;
			files = (
			);
			runOnlyForDeploymentPostprocessing = 0;
		};
		A07900D21DF8D21E001A3238 /* Resources */ = {
			isa = PBXResourcesBuildPhase;
			buildActionMask = 2147483647;
			files = (
				A07900E21DF8D21E001A3238 /* LaunchScreen.storyboard in Resources */,
				A07900DF1DF8D21E001A3238 /* Assets.xcassets in Resources */,
				A07900DD1DF8D21E001A3238 /* Main.storyboard in Resources */,
			);
			runOnlyForDeploymentPostprocessing = 0;
		};
/* End PBXResourcesBuildPhase section */

/* Begin PBXSourcesBuildPhase section */
		A022228A1DFA846200C99C27 /* Sources */ = {
			isa = PBXSourcesBuildPhase;
			buildActionMask = 2147483647;
			files = (
				A02222911DFA846300C99C27 /* LottoFinderTests.swift in Sources */,
				A02222981DFA86A300C99C27 /* ViewController.swift in Sources */,
			);
			runOnlyForDeploymentPostprocessing = 0;
		};
		A07900D01DF8D21E001A3238 /* Sources */ = {
			isa = PBXSourcesBuildPhase;
			buildActionMask = 2147483647;
			files = (
				A07900DA1DF8D21E001A3238 /* ViewController.swift in Sources */,
				A05F67701DFAB6F9004E6359 /* Brain.swift in Sources */,
				A07900D81DF8D21E001A3238 /* AppDelegate.swift in Sources */,
			);
			runOnlyForDeploymentPostprocessing = 0;
		};
/* End PBXSourcesBuildPhase section */

/* Begin PBXTargetDependency section */
		A02222941DFA846300C99C27 /* PBXTargetDependency */ = {
			isa = PBXTargetDependency;
			target = A07900D31DF8D21E001A3238 /* LottoFinder */;
			targetProxy = A02222931DFA846300C99C27 /* PBXContainerItemProxy */;
		};
/* End PBXTargetDependency section */

/* Begin PBXVariantGroup section */
		A07900DB1DF8D21E001A3238 /* Main.storyboard */ = {
			isa = PBXVariantGroup;
			children = (
				A07900DC1DF8D21E001A3238 /* Base */,
			);
			name = Main.storyboard;
			sourceTree = "<group>";
		};
		A07900E01DF8D21E001A3238 /* LaunchScreen.storyboard */ = {
			isa = PBXVariantGroup;
			children = (
				A07900E11DF8D21E001A3238 /* Base */,
			);
			name = LaunchScreen.storyboard;
			sourceTree = "<group>";
		};
/* End PBXVariantGroup section */

/* Begin XCBuildConfiguration section */
		A02222961DFA846300C99C27 /* Debug */ = {
			isa = XCBuildConfiguration;
			buildSettings = {
				BUNDLE_LOADER = "$(TEST_HOST)";
				DEVELOPMENT_TEAM = 5Z63N39FV7;
				INFOPLIST_FILE = LottoFinderTests/Info.plist;
				LD_RUNPATH_SEARCH_PATHS = "$(inherited) @executable_path/Frameworks @loader_path/Frameworks";
				PRODUCT_BUNDLE_IDENTIFIER = com.dialpad.LottoFinderTests;
				PRODUCT_NAME = "$(TARGET_NAME)";
				SWIFT_VERSION = 3.0;
				TEST_HOST = "$(BUILT_PRODUCTS_DIR)/LottoFinder.app/LottoFinder";
			};
			name = Debug;
		};
		A02222971DFA846300C99C27 /* Release */ = {
			isa = XCBuildConfiguration;
			buildSettings = {
				BUNDLE_LOADER = "$(TEST_HOST)";
				DEVELOPMENT_TEAM = 5Z63N39FV7;
				INFOPLIST_FILE = LottoFinderTests/Info.plist;
				LD_RUNPATH_SEARCH_PATHS = "$(inherited) @executable_path/Frameworks @loader_path/Frameworks";
				PRODUCT_BUNDLE_IDENTIFIER = com.dialpad.LottoFinderTests;
				PRODUCT_NAME = "$(TARGET_NAME)";
				SWIFT_VERSION = 3.0;
				TEST_HOST = "$(BUILT_PRODUCTS_DIR)/LottoFinder.app/LottoFinder";
			};
			name = Release;
		};
		A07900E41DF8D21E001A3238 /* Debug */ = {
			isa = XCBuildConfiguration;
			buildSettings = {
				ALWAYS_SEARCH_USER_PATHS = NO;
				CLANG_ANALYZER_NONNULL = YES;
				CLANG_CXX_LANGUAGE_STANDARD = "gnu++0x";
				CLANG_CXX_LIBRARY = "libc++";
				CLANG_ENABLE_MODULES = YES;
				CLANG_ENABLE_OBJC_ARC = YES;
				CLANG_WARN_BOOL_CONVERSION = YES;
				CLANG_WARN_CONSTANT_CONVERSION = YES;
				CLANG_WARN_DIRECT_OBJC_ISA_USAGE = YES_ERROR;
				CLANG_WARN_DOCUMENTATION_COMMENTS = YES;
				CLANG_WARN_EMPTY_BODY = YES;
				CLANG_WARN_ENUM_CONVERSION = YES;
				CLANG_WARN_INFINITE_RECURSION = YES;
				CLANG_WARN_INT_CONVERSION = YES;
				CLANG_WARN_OBJC_ROOT_CLASS = YES_ERROR;
				CLANG_WARN_SUSPICIOUS_MOVES = YES;
				CLANG_WARN_UNREACHABLE_CODE = YES;
				CLANG_WARN__DUPLICATE_METHOD_MATCH = YES;
				"CODE_SIGN_IDENTITY[sdk=iphoneos*]" = "iPhone Developer";
				COPY_PHASE_STRIP = NO;
				DEBUG_INFORMATION_FORMAT = dwarf;
				ENABLE_STRICT_OBJC_MSGSEND = YES;
				ENABLE_TESTABILITY = YES;
				GCC_C_LANGUAGE_STANDARD = gnu99;
				GCC_DYNAMIC_NO_PIC = NO;
				GCC_NO_COMMON_BLOCKS = YES;
				GCC_OPTIMIZATION_LEVEL = 0;
				GCC_PREPROCESSOR_DEFINITIONS = (
					"DEBUG=1",
					"$(inherited)",
				);
				GCC_WARN_64_TO_32_BIT_CONVERSION = YES;
				GCC_WARN_ABOUT_RETURN_TYPE = YES_ERROR;
				GCC_WARN_UNDECLARED_SELECTOR = YES;
				GCC_WARN_UNINITIALIZED_AUTOS = YES_AGGRESSIVE;
				GCC_WARN_UNUSED_FUNCTION = YES;
				GCC_WARN_UNUSED_VARIABLE = YES;
				IPHONEOS_DEPLOYMENT_TARGET = 10.1;
				MTL_ENABLE_DEBUG_INFO = YES;
				ONLY_ACTIVE_ARCH = YES;
				SDKROOT = iphoneos;
				SWIFT_ACTIVE_COMPILATION_CONDITIONS = DEBUG;
				SWIFT_OPTIMIZATION_LEVEL = "-Onone";
			};
			name = Debug;
		};
		A07900E51DF8D21E001A3238 /* Release */ = {
			isa = XCBuildConfiguration;
			buildSettings = {
				ALWAYS_SEARCH_USER_PATHS = NO;
				CLANG_ANALYZER_NONNULL = YES;
				CLANG_CXX_LANGUAGE_STANDARD = "gnu++0x";
				CLANG_CXX_LIBRARY = "libc++";
				CLANG_ENABLE_MODULES = YES;
				CLANG_ENABLE_OBJC_ARC = YES;
				CLANG_WARN_BOOL_CONVERSION = YES;
				CLANG_WARN_CONSTANT_CONVERSION = YES;
				CLANG_WARN_DIRECT_OBJC_ISA_USAGE = YES_ERROR;
				CLANG_WARN_DOCUMENTATION_COMMENTS = YES;
				CLANG_WARN_EMPTY_BODY = YES;
				CLANG_WARN_ENUM_CONVERSION = YES;
				CLANG_WARN_INFINITE_RECURSION = YES;
				CLANG_WARN_INT_CONVERSION = YES;
				CLANG_WARN_OBJC_ROOT_CLASS = YES_ERROR;
				CLANG_WARN_SUSPICIOUS_MOVES = YES;
				CLANG_WARN_UNREACHABLE_CODE = YES;
				CLANG_WARN__DUPLICATE_METHOD_MATCH = YES;
				"CODE_SIGN_IDENTITY[sdk=iphoneos*]" = "iPhone Developer";
				COPY_PHASE_STRIP = NO;
				DEBUG_INFORMATION_FORMAT = "dwarf-with-dsym";
				ENABLE_NS_ASSERTIONS = NO;
				ENABLE_STRICT_OBJC_MSGSEND = YES;
				GCC_C_LANGUAGE_STANDARD = gnu99;
				GCC_NO_COMMON_BLOCKS = YES;
				GCC_WARN_64_TO_32_BIT_CONVERSION = YES;
				GCC_WARN_ABOUT_RETURN_TYPE = YES_ERROR;
				GCC_WARN_UNDECLARED_SELECTOR = YES;
				GCC_WARN_UNINITIALIZED_AUTOS = YES_AGGRESSIVE;
				GCC_WARN_UNUSED_FUNCTION = YES;
				GCC_WARN_UNUSED_VARIABLE = YES;
				IPHONEOS_DEPLOYMENT_TARGET = 10.1;
				MTL_ENABLE_DEBUG_INFO = NO;
				SDKROOT = iphoneos;
				SWIFT_OPTIMIZATION_LEVEL = "-Owholemodule";
				VALIDATE_PRODUCT = YES;
			};
			name = Release;
		};
		A07900E71DF8D21E001A3238 /* Debug */ = {
			isa = XCBuildConfiguration;
			buildSettings = {
				ASSETCATALOG_COMPILER_APPICON_NAME = AppIcon;
				DEVELOPMENT_TEAM = 5Z63N39FV7;
				INFOPLIST_FILE = LottoFinder/Info.plist;
				LD_RUNPATH_SEARCH_PATHS = "$(inherited) @executable_path/Frameworks";
				PRODUCT_BUNDLE_IDENTIFIER = com.dialpad.LottoFinder;
				PRODUCT_NAME = "$(TARGET_NAME)";
				SWIFT_VERSION = 3.0;
			};
			name = Debug;
		};
		A07900E81DF8D21E001A3238 /* Release */ = {
			isa = XCBuildConfiguration;
			buildSettings = {
				ASSETCATALOG_COMPILER_APPICON_NAME = AppIcon;
				DEVELOPMENT_TEAM = 5Z63N39FV7;
				INFOPLIST_FILE = LottoFinder/Info.plist;
				LD_RUNPATH_SEARCH_PATHS = "$(inherited) @executable_path/Frameworks";
				PRODUCT_BUNDLE_IDENTIFIER = com.dialpad.LottoFinder;
				PRODUCT_NAME = "$(TARGET_NAME)";
				SWIFT_VERSION = 3.0;
			};
			name = Release;
		};
/* End XCBuildConfiguration section */

/* Begin XCConfigurationList section */
		A02222951DFA846300C99C27 /* Build configuration list for PBXNativeTarget "LottoFinderTests" */ = {
			isa = XCConfigurationList;
			buildConfigurations = (
				A02222961DFA846300C99C27 /* Debug */,
				A02222971DFA846300C99C27 /* Release */,
			);
			defaultConfigurationIsVisible = 0;
			defaultConfigurationName = Release;
		};
		A07900CF1DF8D21E001A3238 /* Build configuration list for PBXProject "LottoFinder" */ = {
			isa = XCConfigurationList;
			buildConfigurations = (
				A07900E41DF8D21E001A3238 /* Debug */,
				A07900E51DF8D21E001A3238 /* Release */,
			);
			defaultConfigurationIsVisible = 0;
			defaultConfigurationName = Release;
		};
		A07900E61DF8D21E001A3238 /* Build configuration list for PBXNativeTarget "LottoFinder" */ = {
			isa = XCConfigurationList;
			buildConfigurations = (
				A07900E71DF8D21E001A3238 /* Debug */,
				A07900E81DF8D21E001A3238 /* Release */,
			);
			defaultConfigurationIsVisible = 0;
			defaultConfigurationName = Release;
		};
/* End XCConfigurationList section */
	};
	rootObject = A07900CC1DF8D21E001A3238 /* Project object */;
}
